
Microsoft Visual Studio Solution File, Format Version 12.00
# Visual Studio 15
VisualStudioVersion = 15.0.27130.2003
MinimumVisualStudioVersion = 10.0.40219.1
Project("{FAE04EC0-301F-11D3-BF4B-00C04F79EFBC}") = "XF.AplicativoFIAP.Android", "XF.AplicativoFIAP\XF.AplicativoFIAP.Android\XF.AplicativoFIAP.Android.csproj", "{9ECD5F13-DA90-4DF7-A149-6BE605FA6DF1}"
EndProject
Project("{FAE04EC0-301F-11D3-BF4B-00C04F79EFBC}") = "XF.AplicativoFIAP.iOS", "XF.AplicativoFIAP\XF.AplicativoFIAP.iOS\XF.AplicativoFIAP.iOS.csproj", "{4C191122-14DB-477B-8DA4-8DBFB4C13E4C}"
EndProject
Project("{FAE04EC0-301F-11D3-BF4B-00C04F79EFBC}") = "XF.AplicativoFIAP.UWP", "XF.AplicativoFIAP\XF.AplicativoFIAP.UWP\XF.AplicativoFIAP.UWP.csproj", "{A21B5A1E-93FC-4C6F-B5A5-9AC5C906386B}"
EndProject
Project("{FAE04EC0-301F-11D3-BF4B-00C04F79EFBC}") = "XF.AplicativoFIAP", "XF.AplicativoFIAP\XF.AplicativoFIAP\XF.AplicativoFIAP.csproj", "{4C7F5317-5BA4-4421-AD37-3D57FDF6CD29}"
EndProject
Global
	GlobalSection(SolutionConfigurationPlatforms) = preSolution
		Ad-Hoc|Any CPU = Ad-Hoc|Any CPU
		Ad-Hoc|ARM = Ad-Hoc|ARM
		Ad-Hoc|iPhone = Ad-Hoc|iPhone
		Ad-Hoc|iPhoneSimulator = Ad-Hoc|iPhoneSimulator
		Ad-Hoc|x64 = Ad-Hoc|x64
		Ad-Hoc|x86 = Ad-Hoc|x86
		AppStore|Any CPU = AppStore|Any CPU
		AppStore|ARM = AppStore|ARM
		AppStore|iPhone = AppStore|iPhone
		AppStore|iPhoneSimulator = AppStore|iPhoneSimulator
		AppStore|x64 = AppStore|x64
		AppStore|x86 = AppStore|x86
		Debug|Any CPU = Debug|Any CPU
		Debug|ARM = Debug|ARM
		Debug|iPhone = Debug|iPhone
		Debug|iPhoneSimulator = Debug|iPhoneSimulator
		Debug|x64 = Debug|x64
		Debug|x86 = Debug|x86
		Release|Any CPU = Release|Any CPU
		Release|ARM = Release|ARM
		Release|iPhone = Release|iPhone
		Release|iPhoneSimulator = Release|iPhoneSimulator
		Release|x64 = Release|x64
		Release|x86 = Release|x86
	EndGlobalSection
	GlobalSection(ProjectConfigurationPlatforms) = postSolution
		{9ECD5F13-DA90-4DF7-A149-6BE605FA6DF1}.Ad-Hoc|Any CPU.ActiveCfg = Release|Any CPU
		{9ECD5F13-DA90-4DF7-A149-6BE605FA6DF1}.Ad-Hoc|Any CPU.Build.0 = Release|Any CPU
		{9ECD5F13-DA90-4DF7-A149-6BE605FA6DF1}.Ad-Hoc|Any CPU.Deploy.0 = Release|Any CPU
		{9ECD5F13-DA90-4DF7-A149-6BE605FA6DF1}.Ad-Hoc|ARM.ActiveCfg = Release|Any CPU
		{9ECD5F13-DA90-4DF7-A149-6BE605FA6DF1}.Ad-Hoc|ARM.Build.0 = Release|Any CPU
		{9ECD5F13-DA90-4DF7-A149-6BE605FA6DF1}.Ad-Hoc|ARM.Deploy.0 = Release|Any CPU
		{9ECD5F13-DA90-4DF7-A149-6BE605FA6DF1}.Ad-Hoc|iPhone.ActiveCfg = Release|Any CPU
		{9ECD5F13-DA90-4DF7-A149-6BE605FA6DF1}.Ad-Hoc|iPhone.Build.0 = Release|Any CPU
		{9ECD5F13-DA90-4DF7-A149-6BE605FA6DF1}.Ad-Hoc|iPhone.Deploy.0 = Release|Any CPU
		{9ECD5F13-DA90-4DF7-A149-6BE605FA6DF1}.Ad-Hoc|iPhoneSimulator.ActiveCfg = Release|Any CPU
		{9ECD5F13-DA90-4DF7-A149-6BE605FA6DF1}.Ad-Hoc|iPhoneSimulator.Build.0 = Release|Any CPU
		{9ECD5F13-DA90-4DF7-A149-6BE605FA6DF1}.Ad-Hoc|iPhoneSimulator.Deploy.0 = Release|Any CPU
		{9ECD5F13-DA90-4DF7-A149-6BE605FA6DF1}.Ad-Hoc|x64.ActiveCfg = Release|Any CPU
		{9ECD5F13-DA90-4DF7-A149-6BE605FA6DF1}.Ad-Hoc|x64.Build.0 = Release|Any CPU
		{9ECD5F13-DA90-4DF7-A149-6BE605FA6DF1}.Ad-Hoc|x64.Deploy.0 = Release|Any CPU
		{9ECD5F13-DA90-4DF7-A149-6BE605FA6DF1}.Ad-Hoc|x86.ActiveCfg = Release|Any CPU
		{9ECD5F13-DA90-4DF7-A149-6BE605FA6DF1}.Ad-Hoc|x86.Build.0 = Release|Any CPU
		{9ECD5F13-DA90-4DF7-A149-6BE605FA6DF1}.Ad-Hoc|x86.Deploy.0 = Release|Any CPU
		{9ECD5F13-DA90-4DF7-A149-6BE605FA6DF1}.AppStore|Any CPU.ActiveCfg = Release|Any CPU
		{9ECD5F13-DA90-4DF7-A149-6BE605FA6DF1}.AppStore|Any CPU.Build.0 = Release|Any CPU
		{9ECD5F13-DA90-4DF7-A149-6BE605FA6DF1}.AppStore|Any CPU.Deploy.0 = Release|Any CPU
		{9ECD5F13-DA90-4DF7-A149-6BE605FA6DF1}.AppStore|ARM.ActiveCfg = Release|Any CPU
		{9ECD5F13-DA90-4DF7-A149-6BE605FA6DF1}.AppStore|ARM.Build.0 = Release|Any CPU
		{9ECD5F13-DA90-4DF7-A149-6BE605FA6DF1}.AppStore|ARM.Deploy.0 = Release|Any CPU
		{9ECD5F13-DA90-4DF7-A149-6BE605FA6DF1}.AppStore|iPhone.ActiveCfg = Release|Any CPU
		{9ECD5F13-DA90-4DF7-A149-6BE605FA6DF1}.AppStore|iPhone.Build.0 = Release|Any CPU
		{9ECD5F13-DA90-4DF7-A149-6BE605FA6DF1}.AppStore|iPhone.Deploy.0 = Release|Any CPU
		{9ECD5F13-DA90-4DF7-A149-6BE605FA6DF1}.AppStore|iPhoneSimulator.ActiveCfg = Release|Any CPU
		{9ECD5F13-DA90-4DF7-A149-6BE605FA6DF1}.AppStore|iPhoneSimulator.Build.0 = Release|Any CPU
		{9ECD5F13-DA90-4DF7-A149-6BE605FA6DF1}.AppStore|iPhoneSimulator.Deploy.0 = Release|Any CPU
		{9ECD5F13-DA90-4DF7-A149-6BE605FA6DF1}.AppStore|x64.ActiveCfg = Release|Any CPU
		{9ECD5F13-DA90-4DF7-A149-6BE605FA6DF1}.AppStore|x64.Build.0 = Release|Any CPU
		{9ECD5F13-DA90-4DF7-A149-6BE605FA6DF1}.AppStore|x64.Deploy.0 = Release|Any CPU
		{9ECD5F13-DA90-4DF7-A149-6BE605FA6DF1}.AppStore|x86.ActiveCfg = Release|Any CPU
		{9ECD5F13-DA90-4DF7-A149-6BE605FA6DF1}.AppStore|x86.Build.0 = Release|Any CPU
		{9ECD5F13-DA90-4DF7-A149-6BE605FA6DF1}.AppStore|x86.Deploy.0 = Release|Any CPU
		{9ECD5F13-DA90-4DF7-A149-6BE605FA6DF1}.Debug|Any CPU.ActiveCfg = Debug|Any CPU
		{9ECD5F13-DA90-4DF7-A149-6BE605FA6DF1}.Debug|Any CPU.Build.0 = Debug|Any CPU
		{9ECD5F13-DA90-4DF7-A149-6BE605FA6DF1}.Debug|Any CPU.Deploy.0 = Debug|Any CPU
		{9ECD5F13-DA90-4DF7-A149-6BE605FA6DF1}.Debug|ARM.ActiveCfg = Debug|Any CPU
		{9ECD5F13-DA90-4DF7-A149-6BE605FA6DF1}.Debug|ARM.Build.0 = Debug|Any CPU
		{9ECD5F13-DA90-4DF7-A149-6BE605FA6DF1}.Debug|ARM.Deploy.0 = Debug|Any CPU
		{9ECD5F13-DA90-4DF7-A149-6BE605FA6DF1}.Debug|iPhone.ActiveCfg = Debug|Any CPU
		{9ECD5F13-DA90-4DF7-A149-6BE605FA6DF1}.Debug|iPhone.Build.0 = Debug|Any CPU
		{9ECD5F13-DA90-4DF7-A149-6BE605FA6DF1}.Debug|iPhone.Deploy.0 = Debug|Any CPU
		{9ECD5F13-DA90-4DF7-A149-6BE605FA6DF1}.Debug|iPhoneSimulator.ActiveCfg = Debug|Any CPU
		{9ECD5F13-DA90-4DF7-A149-6BE605FA6DF1}.Debug|iPhoneSimulator.Build.0 = Debug|Any CPU
		{9ECD5F13-DA90-4DF7-A149-6BE605FA6DF1}.Debug|iPhoneSimulator.Deploy.0 = Debug|Any CPU
		{9ECD5F13-DA90-4DF7-A149-6BE605FA6DF1}.Debug|x64.ActiveCfg = Debug|Any CPU
		{9ECD5F13-DA90-4DF7-A149-6BE605FA6DF1}.Debug|x64.Build.0 = Debug|Any CPU
		{9ECD5F13-DA90-4DF7-A149-6BE605FA6DF1}.Debug|x64.Deploy.0 = Debug|Any CPU
		{9ECD5F13-DA90-4DF7-A149-6BE605FA6DF1}.Debug|x86.ActiveCfg = Debug|Any CPU
		{9ECD5F13-DA90-4DF7-A149-6BE605FA6DF1}.Debug|x86.Build.0 = Debug|Any CPU
		{9ECD5F13-DA90-4DF7-A149-6BE605FA6DF1}.Debug|x86.Deploy.0 = Debug|Any CPU
		{9ECD5F13-DA90-4DF7-A149-6BE605FA6DF1}.Release|Any CPU.ActiveCfg = Release|Any CPU
		{9ECD5F13-DA90-4DF7-A149-6BE605FA6DF1}.Release|Any CPU.Build.0 = Release|Any CPU
		{9ECD5F13-DA90-4DF7-A149-6BE605FA6DF1}.Release|Any CPU.Deploy.0 = Release|Any CPU
		{9ECD5F13-DA90-4DF7-A149-6BE605FA6DF1}.Release|ARM.ActiveCfg = Release|Any CPU
		{9ECD5F13-DA90-4DF7-A149-6BE605FA6DF1}.Release|ARM.Build.0 = Release|Any CPU
		{9ECD5F13-DA90-4DF7-A149-6BE605FA6DF1}.Release|ARM.Deploy.0 = Release|Any CPU
		{9ECD5F13-DA90-4DF7-A149-6BE605FA6DF1}.Release|iPhone.ActiveCfg = Release|Any CPU
		{9ECD5F13-DA90-4DF7-A149-6BE605FA6DF1}.Release|iPhone.Build.0 = Release|Any CPU
		{9ECD5F13-DA90-4DF7-A149-6BE605FA6DF1}.Release|iPhone.Deploy.0 = Release|Any CPU
		{9ECD5F13-DA90-4DF7-A149-6BE605FA6DF1}.Release|iPhoneSimulator.ActiveCfg = Release|Any CPU
		{9ECD5F13-DA90-4DF7-A149-6BE605FA6DF1}.Release|iPhoneSimulator.Build.0 = Release|Any CPU
		{9ECD5F13-DA90-4DF7-A149-6BE605FA6DF1}.Release|iPhoneSimulator.Deploy.0 = Release|Any CPU
		{9ECD5F13-DA90-4DF7-A149-6BE605FA6DF1}.Release|x64.ActiveCfg = Release|Any CPU
		{9ECD5F13-DA90-4DF7-A149-6BE605FA6DF1}.Release|x64.Build.0 = Release|Any CPU
		{9ECD5F13-DA90-4DF7-A149-6BE605FA6DF1}.Release|x64.Deploy.0 = Release|Any CPU
		{9ECD5F13-DA90-4DF7-A149-6BE605FA6DF1}.Release|x86.ActiveCfg = Release|Any CPU
		{9ECD5F13-DA90-4DF7-A149-6BE605FA6DF1}.Release|x86.Build.0 = Release|Any CPU
		{9ECD5F13-DA90-4DF7-A149-6BE605FA6DF1}.Release|x86.Deploy.0 = Release|Any CPU
		{4C191122-14DB-477B-8DA4-8DBFB4C13E4C}.Ad-Hoc|Any CPU.ActiveCfg = Ad-Hoc|iPhone
		{4C191122-14DB-477B-8DA4-8DBFB4C13E4C}.Ad-Hoc|ARM.ActiveCfg = Ad-Hoc|iPhone
		{4C191122-14DB-477B-8DA4-8DBFB4C13E4C}.Ad-Hoc|iPhone.ActiveCfg = Ad-Hoc|iPhone
		{4C191122-14DB-477B-8DA4-8DBFB4C13E4C}.Ad-Hoc|iPhone.Build.0 = Ad-Hoc|iPhone
		{4C191122-14DB-477B-8DA4-8DBFB4C13E4C}.Ad-Hoc|iPhoneSimulator.ActiveCfg = Ad-Hoc|iPhoneSimulator
		{4C191122-14DB-477B-8DA4-8DBFB4C13E4C}.Ad-Hoc|iPhoneSimulator.Build.0 = Ad-Hoc|iPhoneSimulator
		{4C191122-14DB-477B-8DA4-8DBFB4C13E4C}.Ad-Hoc|x64.ActiveCfg = Ad-Hoc|iPhone
		{4C191122-14DB-477B-8DA4-8DBFB4C13E4C}.Ad-Hoc|x86.ActiveCfg = Ad-Hoc|iPhone
		{4C191122-14DB-477B-8DA4-8DBFB4C13E4C}.AppStore|Any CPU.ActiveCfg = AppStore|iPhone
		{4C191122-14DB-477B-8DA4-8DBFB4C13E4C}.AppStore|ARM.ActiveCfg = AppStore|iPhone
		{4C191122-14DB-477B-8DA4-8DBFB4C13E4C}.AppStore|iPhone.ActiveCfg = AppStore|iPhone
		{4C191122-14DB-477B-8DA4-8DBFB4C13E4C}.AppStore|iPhone.Build.0 = AppStore|iPhone
		{4C191122-14DB-477B-8DA4-8DBFB4C13E4C}.AppStore|iPhoneSimulator.ActiveCfg = AppStore|iPhoneSimulator
		{4C191122-14DB-477B-8DA4-8DBFB4C13E4C}.AppStore|iPhoneSimulator.Build.0 = AppStore|iPhoneSimulator
		{4C191122-14DB-477B-8DA4-8DBFB4C13E4C}.AppStore|x64.ActiveCfg = AppStore|iPhone
		{4C191122-14DB-477B-8DA4-8DBFB4C13E4C}.AppStore|x86.ActiveCfg = AppStore|iPhone
		{4C191122-14DB-477B-8DA4-8DBFB4C13E4C}.Debug|Any CPU.ActiveCfg = Debug|iPhone
		{4C191122-14DB-477B-8DA4-8DBFB4C13E4C}.Debug|ARM.ActiveCfg = Debug|iPhone
		{4C191122-14DB-477B-8DA4-8DBFB4C13E4C}.Debug|iPhone.ActiveCfg = Debug|iPhone
		{4C191122-14DB-477B-8DA4-8DBFB4C13E4C}.Debug|iPhone.Build.0 = Debug|iPhone
		{4C191122-14DB-477B-8DA4-8DBFB4C13E4C}.Debug|iPhoneSimulator.ActiveCfg = Debug|iPhoneSimulator
		{4C191122-14DB-477B-8DA4-8DBFB4C13E4C}.Debug|iPhoneSimulator.Build.0 = Debug|iPhoneSimulator
		{4C191122-14DB-477B-8DA4-8DBFB4C13E4C}.Debug|x64.ActiveCfg = Debug|iPhone
		{4C191122-14DB-477B-8DA4-8DBFB4C13E4C}.Debug|x86.ActiveCfg = Debug|iPhone
		{4C191122-14DB-477B-8DA4-8DBFB4C13E4C}.Release|Any CPU.ActiveCfg = Release|iPhone
		{4C191122-14DB-477B-8DA4-8DBFB4C13E4C}.Release|ARM.ActiveCfg = Release|iPhone
		{4C191122-14DB-477B-8DA4-8DBFB4C13E4C}.Release|iPhone.ActiveCfg = Release|iPhone
		{4C191122-14DB-477B-8DA4-8DBFB4C13E4C}.Release|iPhone.Build.0 = Release|iPhone
		{4C191122-14DB-477B-8DA4-8DBFB4C13E4C}.Release|iPhoneSimulator.ActiveCfg = Release|iPhoneSimulator
		{4C191122-14DB-477B-8DA4-8DBFB4C13E4C}.Release|iPhoneSimulator.Build.0 = Release|iPhoneSimulator
		{4C191122-14DB-477B-8DA4-8DBFB4C13E4C}.Release|x64.ActiveCfg = Release|iPhone
		{4C191122-14DB-477B-8DA4-8DBFB4C13E4C}.Release|x86.ActiveCfg = Release|iPhone
		{A21B5A1E-93FC-4C6F-B5A5-9AC5C906386B}.Ad-Hoc|Any CPU.ActiveCfg = Release|x86
		{A21B5A1E-93FC-4C6F-B5A5-9AC5C906386B}.Ad-Hoc|Any CPU.Build.0 = Release|x86
		{A21B5A1E-93FC-4C6F-B5A5-9AC5C906386B}.Ad-Hoc|Any CPU.Deploy.0 = Release|x86
		{A21B5A1E-93FC-4C6F-B5A5-9AC5C906386B}.Ad-Hoc|ARM.ActiveCfg = Release|ARM
		{A21B5A1E-93FC-4C6F-B5A5-9AC5C906386B}.Ad-Hoc|ARM.Build.0 = Release|ARM
		{A21B5A1E-93FC-4C6F-B5A5-9AC5C906386B}.Ad-Hoc|ARM.Deploy.0 = Release|ARM
		{A21B5A1E-93FC-4C6F-B5A5-9AC5C906386B}.Ad-Hoc|iPhone.ActiveCfg = Release|x86
		{A21B5A1E-93FC-4C6F-B5A5-9AC5C906386B}.Ad-Hoc|iPhone.Build.0 = Release|x86
		{A21B5A1E-93FC-4C6F-B5A5-9AC5C906386B}.Ad-Hoc|iPhone.Deploy.0 = Release|x86
		{A21B5A1E-93FC-4C6F-B5A5-9AC5C906386B}.Ad-Hoc|iPhoneSimulator.ActiveCfg = Release|x86
		{A21B5A1E-93FC-4C6F-B5A5-9AC5C906386B}.Ad-Hoc|iPhoneSimulator.Build.0 = Release|x86
		{A21B5A1E-93FC-4C6F-B5A5-9AC5C906386B}.Ad-Hoc|iPhoneSimulator.Deploy.0 = Release|x86
		{A21B5A1E-93FC-4C6F-B5A5-9AC5C906386B}.Ad-Hoc|x64.ActiveCfg = Release|x64
		{A21B5A1E-93FC-4C6F-B5A5-9AC5C906386B}.Ad-Hoc|x64.Build.0 = Release|x64
		{A21B5A1E-93FC-4C6F-B5A5-9AC5C906386B}.Ad-Hoc|x64.Deploy.0 = Release|x64
		{A21B5A1E-93FC-4C6F-B5A5-9AC5C906386B}.Ad-Hoc|x86.ActiveCfg = Release|x86
		{A21B5A1E-93FC-4C6F-B5A5-9AC5C906386B}.Ad-Hoc|x86.Build.0 = Release|x86
		{A21B5A1E-93FC-4C6F-B5A5-9AC5C906386B}.Ad-Hoc|x86.Deploy.0 = Release|x86
		{A21B5A1E-93FC-4C6F-B5A5-9AC5C906386B}.AppStore|Any CPU.ActiveCfg = Release|x86
		{A21B5A1E-93FC-4C6F-B5A5-9AC5C906386B}.AppStore|Any CPU.Build.0 = Release|x86
		{A21B5A1E-93FC-4C6F-B5A5-9AC5C906386B}.AppStore|Any CPU.Deploy.0 = Release|x86
		{A21B5A1E-93FC-4C6F-B5A5-9AC5C906386B}.AppStore|ARM.ActiveCfg = Release|ARM
		{A21B5A1E-93FC-4C6F-B5A5-9AC5C906386B}.AppStore|ARM.Build.0 = Release|ARM
		{A21B5A1E-93FC-4C6F-B5A5-9AC5C906386B}.AppStore|ARM.Deploy.0 = Release|ARM
		{A21B5A1E-93FC-4C6F-B5A5-9AC5C906386B}.AppStore|iPhone.ActiveCfg = Release|x86
		{A21B5A1E-93FC-4C6F-B5A5-9AC5C906386B}.AppStore|iPhone.Build.0 = Release|x86
		{A21B5A1E-93FC-4C6F-B5A5-9AC5C906386B}.AppStore|iPhone.Deploy.0 = Release|x86
		{A21B5A1E-93FC-4C6F-B5A5-9AC5C906386B}.AppStore|iPhoneSimulator.ActiveCfg = Release|x86
		{A21B5A1E-93FC-4C6F-B5A5-9AC5C906386B}.AppStore|iPhoneSimulator.Build.0 = Release|x86
		{A21B5A1E-93FC-4C6F-B5A5-9AC5C906386B}.AppStore|iPhoneSimulator.Deploy.0 = Release|x86
		{A21B5A1E-93FC-4C6F-B5A5-9AC5C906386B}.AppStore|x64.ActiveCfg = Release|x64
		{A21B5A1E-93FC-4C6F-B5A5-9AC5C906386B}.AppStore|x64.Build.0 = Release|x64
		{A21B5A1E-93FC-4C6F-B5A5-9AC5C906386B}.AppStore|x64.Deploy.0 = Release|x64
		{A21B5A1E-93FC-4C6F-B5A5-9AC5C906386B}.AppStore|x86.ActiveCfg = Release|x86
		{A21B5A1E-93FC-4C6F-B5A5-9AC5C906386B}.AppStore|x86.Build.0 = Release|x86
		{A21B5A1E-93FC-4C6F-B5A5-9AC5C906386B}.AppStore|x86.Deploy.0 = Release|x86
		{A21B5A1E-93FC-4C6F-B5A5-9AC5C906386B}.Debug|Any CPU.ActiveCfg = Debug|x86
		{A21B5A1E-93FC-4C6F-B5A5-9AC5C906386B}.Debug|ARM.ActiveCfg = Debug|ARM
		{A21B5A1E-93FC-4C6F-B5A5-9AC5C906386B}.Debug|ARM.Build.0 = Debug|ARM
		{A21B5A1E-93FC-4C6F-B5A5-9AC5C906386B}.Debug|ARM.Deploy.0 = Debug|ARM
		{A21B5A1E-93FC-4C6F-B5A5-9AC5C906386B}.Debug|iPhone.ActiveCfg = Debug|x86
		{A21B5A1E-93FC-4C6F-B5A5-9AC5C906386B}.Debug|iPhoneSimulator.ActiveCfg = Debug|x86
		{A21B5A1E-93FC-4C6F-B5A5-9AC5C906386B}.Debug|x64.ActiveCfg = Debug|x64
		{A21B5A1E-93FC-4C6F-B5A5-9AC5C906386B}.Debug|x64.Build.0 = Debug|x64
		{A21B5A1E-93FC-4C6F-B5A5-9AC5C906386B}.Debug|x64.Deploy.0 = Debug|x64
		{A21B5A1E-93FC-4C6F-B5A5-9AC5C906386B}.Debug|x86.ActiveCfg = Debug|x86
		{A21B5A1E-93FC-4C6F-B5A5-9AC5C906386B}.Debug|x86.Build.0 = Debug|x86
		{A21B5A1E-93FC-4C6F-B5A5-9AC5C906386B}.Debug|x86.Deploy.0 = Debug|x86
		{A21B5A1E-93FC-4C6F-B5A5-9AC5C906386B}.Release|Any CPU.ActiveCfg = Release|x86
		{A21B5A1E-93FC-4C6F-B5A5-9AC5C906386B}.Release|ARM.ActiveCfg = Release|ARM
		{A21B5A1E-93FC-4C6F-B5A5-9AC5C906386B}.Release|ARM.Build.0 = Release|ARM
		{A21B5A1E-93FC-4C6F-B5A5-9AC5C906386B}.Release|ARM.Deploy.0 = Release|ARM
		{A21B5A1E-93FC-4C6F-B5A5-9AC5C906386B}.Release|iPhone.ActiveCfg = Release|x86
		{A21B5A1E-93FC-4C6F-B5A5-9AC5C906386B}.Release|iPhoneSimulator.ActiveCfg = Release|x86
		{A21B5A1E-93FC-4C6F-B5A5-9AC5C906386B}.Release|x64.ActiveCfg = Release|x64
		{A21B5A1E-93FC-4C6F-B5A5-9AC5C906386B}.Release|x64.Build.0 = Release|x64
		{A21B5A1E-93FC-4C6F-B5A5-9AC5C906386B}.Release|x64.Deploy.0 = Release|x64
		{A21B5A1E-93FC-4C6F-B5A5-9AC5C906386B}.Release|x86.ActiveCfg = Release|x86
		{A21B5A1E-93FC-4C6F-B5A5-9AC5C906386B}.Release|x86.Build.0 = Release|x86
		{A21B5A1E-93FC-4C6F-B5A5-9AC5C906386B}.Release|x86.Deploy.0 = Release|x86
		{4C7F5317-5BA4-4421-AD37-3D57FDF6CD29}.Ad-Hoc|Any CPU.ActiveCfg = Debug|Any CPU
		{4C7F5317-5BA4-4421-AD37-3D57FDF6CD29}.Ad-Hoc|Any CPU.Build.0 = Debug|Any CPU
		{4C7F5317-5BA4-4421-AD37-3D57FDF6CD29}.Ad-Hoc|ARM.ActiveCfg = Debug|Any CPU
		{4C7F5317-5BA4-4421-AD37-3D57FDF6CD29}.Ad-Hoc|ARM.Build.0 = Debug|Any CPU
		{4C7F5317-5BA4-4421-AD37-3D57FDF6CD29}.Ad-Hoc|iPhone.ActiveCfg = Debug|Any CPU
		{4C7F5317-5BA4-4421-AD37-3D57FDF6CD29}.Ad-Hoc|iPhone.Build.0 = Debug|Any CPU
		{4C7F5317-5BA4-4421-AD37-3D57FDF6CD29}.Ad-Hoc|iPhoneSimulator.ActiveCfg = Debug|Any CPU
		{4C7F5317-5BA4-4421-AD37-3D57FDF6CD29}.Ad-Hoc|iPhoneSimulator.Build.0 = Debug|Any CPU
		{4C7F5317-5BA4-4421-AD37-3D57FDF6CD29}.Ad-Hoc|x64.ActiveCfg = Debug|Any CPU
		{4C7F5317-5BA4-4421-AD37-3D57FDF6CD29}.Ad-Hoc|x64.Build.0 = Debug|Any CPU
		{4C7F5317-5BA4-4421-AD37-3D57FDF6CD29}.Ad-Hoc|x86.ActiveCfg = Debug|Any CPU
		{4C7F5317-5BA4-4421-AD37-3D57FDF6CD29}.Ad-Hoc|x86.Build.0 = Debug|Any CPU
		{4C7F5317-5BA4-4421-AD37-3D57FDF6CD29}.AppStore|Any CPU.ActiveCfg = Debug|Any CPU
		{4C7F5317-5BA4-4421-AD37-3D57FDF6CD29}.AppStore|Any CPU.Build.0 = Debug|Any CPU
		{4C7F5317-5BA4-4421-AD37-3D57FDF6CD29}.AppStore|ARM.ActiveCfg = Debug|Any CPU
		{4C7F5317-5BA4-4421-AD37-3D57FDF6CD29}.AppStore|ARM.Build.0 = Debug|Any CPU
		{4C7F5317-5BA4-4421-AD37-3D57FDF6CD29}.AppStore|iPhone.ActiveCfg = Debug|Any CPU
		{4C7F5317-5BA4-4421-AD37-3D57FDF6CD29}.AppStore|iPhone.Build.0 = Debug|Any CPU
		{4C7F5317-5BA4-4421-AD37-3D57FDF6CD29}.AppStore|iPhoneSimulator.ActiveCfg = Debug|Any CPU
		{4C7F5317-5BA4-4421-AD37-3D57FDF6CD29}.AppStore|iPhoneSimulator.Build.0 = Debug|Any CPU
		{4C7F5317-5BA4-4421-AD37-3D57FDF6CD29}.AppStore|x64.ActiveCfg = Debug|Any CPU
		{4C7F5317-5BA4-4421-AD37-3D57FDF6CD29}.AppStore|x64.Build.0 = Debug|Any CPU
		{4C7F5317-5BA4-4421-AD37-3D57FDF6CD29}.AppStore|x86.ActiveCfg = Debug|Any CPU
		{4C7F5317-5BA4-4421-AD37-3D57FDF6CD29}.AppStore|x86.Build.0 = Debug|Any CPU
		{4C7F5317-5BA4-4421-AD37-3D57FDF6CD29}.Debug|Any CPU.ActiveCfg = Debug|Any CPU
		{4C7F5317-5BA4-4421-AD37-3D57FDF6CD29}.Debug|Any CPU.Build.0 = Debug|Any CPU
		{4C7F5317-5BA4-4421-AD37-3D57FDF6CD29}.Debug|ARM.ActiveCfg = Debug|Any CPU
		{4C7F5317-5BA4-4421-AD37-3D57FDF6CD29}.Debug|ARM.Build.0 = Debug|Any CPU
		{4C7F5317-5BA4-4421-AD37-3D57FDF6CD29}.Debug|iPhone.ActiveCfg = Debug|Any CPU
		{4C7F5317-5BA4-4421-AD37-3D57FDF6CD29}.Debug|iPhone.Build.0 = Debug|Any CPU
		{4C7F5317-5BA4-4421-AD37-3D57FDF6CD29}.Debug|iPhoneSimulator.ActiveCfg = Debug|Any CPU
		{4C7F5317-5BA4-4421-AD37-3D57FDF6CD29}.Debug|iPhoneSimulator.Build.0 = Debug|Any CPU
		{4C7F5317-5BA4-4421-AD37-3D57FDF6CD29}.Debug|x64.ActiveCfg = Debug|Any CPU
		{4C7F5317-5BA4-4421-AD37-3D57FDF6CD29}.Debug|x64.Build.0 = Debug|Any CPU
		{4C7F5317-5BA4-4421-AD37-3D57FDF6CD29}.Debug|x86.ActiveCfg = Debug|Any CPU
		{4C7F5317-5BA4-4421-AD37-3D57FDF6CD29}.Debug|x86.Build.0 = Debug|Any CPU
		{4C7F5317-5BA4-4421-AD37-3D57FDF6CD29}.Release|Any CPU.ActiveCfg = Release|Any CPU
		{4C7F5317-5BA4-4421-AD37-3D57FDF6CD29}.Release|Any CPU.Build.0 = Release|Any CPU
		{4C7F5317-5BA4-4421-AD37-3D57FDF6CD29}.Release|ARM.ActiveCfg = Release|Any CPU
		{4C7F5317-5BA4-4421-AD37-3D57FDF6CD29}.Release|ARM.Build.0 = Release|Any CPU
		{4C7F5317-5BA4-4421-AD37-3D57FDF6CD29}.Release|iPhone.ActiveCfg = Release|Any CPU
		{4C7F5317-5BA4-4421-AD37-3D57FDF6CD29}.Release|iPhone.Build.0 = Release|Any CPU
		{4C7F5317-5BA4-4421-AD37-3D57FDF6CD29}.Release|iPhoneSimulator.ActiveCfg = Release|Any CPU
		{4C7F5317-5BA4-4421-AD37-3D57FDF6CD29}.Release|iPhoneSimulator.Build.0 = Release|Any CPU
		{4C7F5317-5BA4-4421-AD37-3D57FDF6CD29}.Release|x64.ActiveCfg = Release|Any CPU
		{4C7F5317-5BA4-4421-AD37-3D57FDF6CD29}.Release|x64.Build.0 = Release|Any CPU
		{4C7F5317-5BA4-4421-AD37-3D57FDF6CD29}.Release|x86.ActiveCfg = Release|Any CPU
		{4C7F5317-5BA4-4421-AD37-3D57FDF6CD29}.Release|x86.Build.0 = Release|Any CPU
	EndGlobalSection
	GlobalSection(SolutionProperties) = preSolution
		HideSolutionNode = FALSE
	EndGlobalSection
	GlobalSection(ExtensibilityGlobals) = postSolution
		SolutionGuid = {A98EDE8E-575C-4AD3-8A0E-8C0FBE067ED1}
	EndGlobalSection
EndGlobal
